
Microsoft Visual Studio Solution File, Format Version 12.00
# Visual Studio 2013
VisualStudioVersion = 12.0.21005.1
MinimumVisualStudioVersion = 10.0.40219.1
Project("{FAE04EC0-301F-11D3-BF4B-00C04F79EFBC}") = "IS_Notification", "IS_Notification\IS_Notification.csproj", "{8225D4B6-1E76-4AC4-831B-3246771D115B}"
EndProject
Project("{FAE04EC0-301F-11D3-BF4B-00C04F79EFBC}") = "dll_file_saver", "dll_file_saver\dll_file_saver.csproj", "{6A9D8D5A-01D5-41D0-A060-EA3D137A2D98}"
EndProject
Global
	GlobalSection(SolutionConfigurationPlatforms) = preSolution
		Debug|Any CPU = Debug|Any CPU
		Release|Any CPU = Release|Any CPU
	EndGlobalSection
	GlobalSection(ProjectConfigurationPlatforms) = postSolution
		{8225D4B6-1E76-4AC4-831B-3246771D115B}.Debug|Any CPU.ActiveCfg = Debug|Any CPU
		{8225D4B6-1E76-4AC4-831B-3246771D115B}.Debug|Any CPU.Build.0 = Debug|Any CPU
		{8225D4B6-1E76-4AC4-831B-3246771D115B}.Release|Any CPU.ActiveCfg = Release|Any CPU
		{8225D4B6-1E76-4AC4-831B-3246771D115B}.Release|Any CPU.Build.0 = Release|Any CPU
		{6A9D8D5A-01D5-41D0-A060-EA3D137A2D98}.Debug|Any CPU.ActiveCfg = Debug|Any CPU
		{6A9D8D5A-01D5-41D0-A060-EA3D137A2D98}.Debug|Any CPU.Build.0 = Debug|Any CPU
		{6A9D8D5A-01D5-41D0-A060-EA3D137A2D98}.Release|Any CPU.ActiveCfg = Release|Any CPU
		{6A9D8D5A-01D5-41D0-A060-EA3D137A2D98}.Release|Any CPU.Build.0 = Release|Any CPU
	EndGlobalSection
	GlobalSection(SolutionProperties) = preSolution
		HideSolutionNode = FALSE
	EndGlobalSection
EndGlobal
